
Microsoft Visual Studio Solution File, Format Version 12.00
# Visual Studio Version 16
VisualStudioVersion = 16.0.33529.622
MinimumVisualStudioVersion = 10.0.40219.1
Project("{8BC9CEB8-8B4A-11D0-8D11-00A0C91BC942}") = "WeatherService", "WeatherService\WeatherService.vcxproj", "{240B6C04-E871-4687-B65F-19369B94B3A0}"
EndProject
Global
	GlobalSection(SolutionConfigurationPlatforms) = preSolution
		Debug|x64 = Debug|x64
		Debug|x86 = Debug|x86
		Release|x64 = Release|x64
		Release|x86 = Release|x86
	EndGlobalSection
	GlobalSection(ProjectConfigurationPlatforms) = postSolution
		{240B6C04-E871-4687-B65F-19369B94B3A0}.Debug|x64.ActiveCfg = Debug|x64
		{240B6C04-E871-4687-B65F-19369B94B3A0}.Debug|x64.Build.0 = Debug|x64
		{240B6C04-E871-4687-B65F-19369B94B3A0}.Debug|x86.ActiveCfg = Debug|Win32
		{240B6C04-E871-4687-B65F-19369B94B3A0}.Debug|x86.Build.0 = Debug|Win32
		{240B6C04-E871-4687-B65F-19369B94B3A0}.Release|x64.ActiveCfg = Release|x64
		{240B6C04-E871-4687-B65F-19369B94B3A0}.Release|x64.Build.0 = Release|x64
		{240B6C04-E871-4687-B65F-19369B94B3A0}.Release|x86.ActiveCfg = Release|Win32
		{240B6C04-E871-4687-B65F-19369B94B3A0}.Release|x86.Build.0 = Release|Win32
	EndGlobalSection
	GlobalSection(SolutionProperties) = preSolution
		HideSolutionNode = FALSE
	EndGlobalSection
	GlobalSection(ExtensibilityGlobals) = postSolution
		SolutionGuid = {1E45BB15-96F5-48FD-A3F0-95183B345D2C}
	EndGlobalSection
EndGlobal
